
Microsoft Visual Studio Solution File, Format Version 12.00
# Visual Studio 15
VisualStudioVersion = 15.0.27703.2026
MinimumVisualStudioVersion = 10.0.40219.1
Project("{FAE04EC0-301F-11D3-BF4B-00C04F79EFBC}") = "WebApp", "WebApp\WebApp.csproj", "{FB88CF47-CC65-4EBC-92F5-6C53370B92AA}"
EndProject
Project("{FAE04EC0-301F-11D3-BF4B-00C04F79EFBC}") = "NorthwindSystem", "NorthwindSystem\NorthwindSystem.csproj", "{4F6A4801-2DFD-4364-8FA6-21136697503C}"
EndProject
Project("{FAE04EC0-301F-11D3-BF4B-00C04F79EFBC}") = "NorthwindSystem.Data", "NorthwindSystem.Data\NorthwindSystem.Data.csproj", "{BB814B7A-1240-48B4-8DAF-9820C896EC9C}"
EndProject
Global
	GlobalSection(SolutionConfigurationPlatforms) = preSolution
		Debug|Any CPU = Debug|Any CPU
		Release|Any CPU = Release|Any CPU
	EndGlobalSection
	GlobalSection(ProjectConfigurationPlatforms) = postSolution
		{FB88CF47-CC65-4EBC-92F5-6C53370B92AA}.Debug|Any CPU.ActiveCfg = Debug|Any CPU
		{FB88CF47-CC65-4EBC-92F5-6C53370B92AA}.Debug|Any CPU.Build.0 = Debug|Any CPU
		{FB88CF47-CC65-4EBC-92F5-6C53370B92AA}.Release|Any CPU.ActiveCfg = Release|Any CPU
		{FB88CF47-CC65-4EBC-92F5-6C53370B92AA}.Release|Any CPU.Build.0 = Release|Any CPU
		{4F6A4801-2DFD-4364-8FA6-21136697503C}.Debug|Any CPU.ActiveCfg = Debug|Any CPU
		{4F6A4801-2DFD-4364-8FA6-21136697503C}.Debug|Any CPU.Build.0 = Debug|Any CPU
		{4F6A4801-2DFD-4364-8FA6-21136697503C}.Release|Any CPU.ActiveCfg = Release|Any CPU
		{4F6A4801-2DFD-4364-8FA6-21136697503C}.Release|Any CPU.Build.0 = Release|Any CPU
		{BB814B7A-1240-48B4-8DAF-9820C896EC9C}.Debug|Any CPU.ActiveCfg = Debug|Any CPU
		{BB814B7A-1240-48B4-8DAF-9820C896EC9C}.Debug|Any CPU.Build.0 = Debug|Any CPU
		{BB814B7A-1240-48B4-8DAF-9820C896EC9C}.Release|Any CPU.ActiveCfg = Release|Any CPU
		{BB814B7A-1240-48B4-8DAF-9820C896EC9C}.Release|Any CPU.Build.0 = Release|Any CPU
	EndGlobalSection
	GlobalSection(SolutionProperties) = preSolution
		HideSolutionNode = FALSE
	EndGlobalSection
	GlobalSection(ExtensibilityGlobals) = postSolution
		SolutionGuid = {8EC4519D-152B-4D82-A184-DCB79013402E}
	EndGlobalSection
EndGlobal
